
Microsoft Visual Studio Solution File, Format Version 12.00
# Visual Studio Version 16
VisualStudioVersion = 16.0.31112.23
MinimumVisualStudioVersion = 10.0.40219.1
Project("{2150E333-8FDC-42A3-9474-1A3956D46DE8}") = "src", "src", "{002E5F7D-7386-485A-8D2D-5AD928F6F78F}"
EndProject
Project("{2150E333-8FDC-42A3-9474-1A3956D46DE8}") = "test", "test", "{A85DB341-6871-47C5-ACF5-D120CFC84D5A}"
EndProject
Project("{9A19103F-16F7-4668-BE54-9A1E7A4F7556}") = "CarPark.Entities", "src\CarPark.Entities\CarPark.Entities.csproj", "{BEFE731F-5B1E-4BE2-9FC2-6545AECD1BF5}"
EndProject
Project("{9A19103F-16F7-4668-BE54-9A1E7A4F7556}") = "CarPark.Repository", "src\CarPark.Repository\CarPark.Repository.csproj", "{91BFE222-DE24-437F-9480-EF3C611799EE}"
EndProject
Project("{9A19103F-16F7-4668-BE54-9A1E7A4F7556}") = "CarPark.Contracts", "src\CarPark.Contracts\CarPark.Contracts.csproj", "{0E30ABFE-0929-4849-A322-B8DAE9AD13C5}"
EndProject
Project("{9A19103F-16F7-4668-BE54-9A1E7A4F7556}") = "CarPark.Api", "src\CarPark.Api\CarPark.Api.csproj", "{73519CB0-D593-4F2F-A570-86315EEDD953}"
EndProject
Project("{9A19103F-16F7-4668-BE54-9A1E7A4F7556}") = "CarPark.Bll", "src\CarPark.Bll\CarPark.Bll.csproj", "{77F925C3-E306-4FB2-A24C-A98F3E142591}"
EndProject
Project("{9A19103F-16F7-4668-BE54-9A1E7A4F7556}") = "CarPark.EntitiesDto", "src\CarPark.EntitiesDto\CarPark.EntitiesDto.csproj", "{4B0E8E55-3173-4F22-8218-32589A90DF64}"
EndProject
Project("{9A19103F-16F7-4668-BE54-9A1E7A4F7556}") = "CarPark.LoggerService", "src\CarPark.LoggerService\CarPark.LoggerService.csproj", "{620F4516-122D-488C-86F6-92D6EB544FC3}"
EndProject
Project("{9A19103F-16F7-4668-BE54-9A1E7A4F7556}") = "CarPark.UserApi", "src\CarPark.UserApi\CarPark.UserApi.csproj", "{4CEBF972-4F39-4BB4-B71C-E06270854B7D}"
EndProject
Project("{9A19103F-16F7-4668-BE54-9A1E7A4F7556}") = "CarPark.UnitTests", "test\CarPark.UnitTests\CarPark.UnitTests.csproj", "{5A892C43-9441-4D30-A35B-15B2A401B361}"
EndProject
Global
	GlobalSection(SolutionConfigurationPlatforms) = preSolution
		Debug|Any CPU = Debug|Any CPU
		Release|Any CPU = Release|Any CPU
	EndGlobalSection
	GlobalSection(ProjectConfigurationPlatforms) = postSolution
		{BEFE731F-5B1E-4BE2-9FC2-6545AECD1BF5}.Debug|Any CPU.ActiveCfg = Debug|Any CPU
		{BEFE731F-5B1E-4BE2-9FC2-6545AECD1BF5}.Debug|Any CPU.Build.0 = Debug|Any CPU
		{BEFE731F-5B1E-4BE2-9FC2-6545AECD1BF5}.Release|Any CPU.ActiveCfg = Release|Any CPU
		{BEFE731F-5B1E-4BE2-9FC2-6545AECD1BF5}.Release|Any CPU.Build.0 = Release|Any CPU
		{91BFE222-DE24-437F-9480-EF3C611799EE}.Debug|Any CPU.ActiveCfg = Debug|Any CPU
		{91BFE222-DE24-437F-9480-EF3C611799EE}.Debug|Any CPU.Build.0 = Debug|Any CPU
		{91BFE222-DE24-437F-9480-EF3C611799EE}.Release|Any CPU.ActiveCfg = Release|Any CPU
		{91BFE222-DE24-437F-9480-EF3C611799EE}.Release|Any CPU.Build.0 = Release|Any CPU
		{0E30ABFE-0929-4849-A322-B8DAE9AD13C5}.Debug|Any CPU.ActiveCfg = Debug|Any CPU
		{0E30ABFE-0929-4849-A322-B8DAE9AD13C5}.Debug|Any CPU.Build.0 = Debug|Any CPU
		{0E30ABFE-0929-4849-A322-B8DAE9AD13C5}.Release|Any CPU.ActiveCfg = Release|Any CPU
		{0E30ABFE-0929-4849-A322-B8DAE9AD13C5}.Release|Any CPU.Build.0 = Release|Any CPU
		{73519CB0-D593-4F2F-A570-86315EEDD953}.Debug|Any CPU.ActiveCfg = Debug|Any CPU
		{73519CB0-D593-4F2F-A570-86315EEDD953}.Debug|Any CPU.Build.0 = Debug|Any CPU
		{73519CB0-D593-4F2F-A570-86315EEDD953}.Release|Any CPU.ActiveCfg = Release|Any CPU
		{73519CB0-D593-4F2F-A570-86315EEDD953}.Release|Any CPU.Build.0 = Release|Any CPU
		{77F925C3-E306-4FB2-A24C-A98F3E142591}.Debug|Any CPU.ActiveCfg = Debug|Any CPU
		{77F925C3-E306-4FB2-A24C-A98F3E142591}.Debug|Any CPU.Build.0 = Debug|Any CPU
		{77F925C3-E306-4FB2-A24C-A98F3E142591}.Release|Any CPU.ActiveCfg = Release|Any CPU
		{77F925C3-E306-4FB2-A24C-A98F3E142591}.Release|Any CPU.Build.0 = Release|Any CPU
		{4B0E8E55-3173-4F22-8218-32589A90DF64}.Debug|Any CPU.ActiveCfg = Debug|Any CPU
		{4B0E8E55-3173-4F22-8218-32589A90DF64}.Debug|Any CPU.Build.0 = Debug|Any CPU
		{4B0E8E55-3173-4F22-8218-32589A90DF64}.Release|Any CPU.ActiveCfg = Release|Any CPU
		{4B0E8E55-3173-4F22-8218-32589A90DF64}.Release|Any CPU.Build.0 = Release|Any CPU
		{620F4516-122D-488C-86F6-92D6EB544FC3}.Debug|Any CPU.ActiveCfg = Debug|Any CPU
		{620F4516-122D-488C-86F6-92D6EB544FC3}.Debug|Any CPU.Build.0 = Debug|Any CPU
		{620F4516-122D-488C-86F6-92D6EB544FC3}.Release|Any CPU.ActiveCfg = Release|Any CPU
		{620F4516-122D-488C-86F6-92D6EB544FC3}.Release|Any CPU.Build.0 = Release|Any CPU
		{4CEBF972-4F39-4BB4-B71C-E06270854B7D}.Debug|Any CPU.ActiveCfg = Debug|Any CPU
		{4CEBF972-4F39-4BB4-B71C-E06270854B7D}.Debug|Any CPU.Build.0 = Debug|Any CPU
		{4CEBF972-4F39-4BB4-B71C-E06270854B7D}.Release|Any CPU.ActiveCfg = Release|Any CPU
		{4CEBF972-4F39-4BB4-B71C-E06270854B7D}.Release|Any CPU.Build.0 = Release|Any CPU
		{5A892C43-9441-4D30-A35B-15B2A401B361}.Debug|Any CPU.ActiveCfg = Debug|Any CPU
		{5A892C43-9441-4D30-A35B-15B2A401B361}.Debug|Any CPU.Build.0 = Debug|Any CPU
		{5A892C43-9441-4D30-A35B-15B2A401B361}.Release|Any CPU.ActiveCfg = Release|Any CPU
		{5A892C43-9441-4D30-A35B-15B2A401B361}.Release|Any CPU.Build.0 = Release|Any CPU
	EndGlobalSection
	GlobalSection(SolutionProperties) = preSolution
		HideSolutionNode = FALSE
	EndGlobalSection
	GlobalSection(NestedProjects) = preSolution
		{BEFE731F-5B1E-4BE2-9FC2-6545AECD1BF5} = {002E5F7D-7386-485A-8D2D-5AD928F6F78F}
		{91BFE222-DE24-437F-9480-EF3C611799EE} = {002E5F7D-7386-485A-8D2D-5AD928F6F78F}
		{0E30ABFE-0929-4849-A322-B8DAE9AD13C5} = {002E5F7D-7386-485A-8D2D-5AD928F6F78F}
		{73519CB0-D593-4F2F-A570-86315EEDD953} = {002E5F7D-7386-485A-8D2D-5AD928F6F78F}
		{77F925C3-E306-4FB2-A24C-A98F3E142591} = {002E5F7D-7386-485A-8D2D-5AD928F6F78F}
		{4B0E8E55-3173-4F22-8218-32589A90DF64} = {002E5F7D-7386-485A-8D2D-5AD928F6F78F}
		{620F4516-122D-488C-86F6-92D6EB544FC3} = {002E5F7D-7386-485A-8D2D-5AD928F6F78F}
		{4CEBF972-4F39-4BB4-B71C-E06270854B7D} = {002E5F7D-7386-485A-8D2D-5AD928F6F78F}
		{5A892C43-9441-4D30-A35B-15B2A401B361} = {A85DB341-6871-47C5-ACF5-D120CFC84D5A}
	EndGlobalSection
	GlobalSection(ExtensibilityGlobals) = postSolution
		SolutionGuid = {44E39BF6-9603-4CAD-91EB-F5F61B8970D6}
	EndGlobalSection
EndGlobal
